
Microsoft Visual Studio Solution File, Format Version 12.00
# Visual Studio Version 17
VisualStudioVersion = 17.2.32516.85
MinimumVisualStudioVersion = 10.0.40219.1
Project("{FAE04EC0-301F-11D3-BF4B-00C04F79EFBC}") = "WebApiAjax", "WebApiAjax\WebApiAjax.csproj", "{FB35283A-2D6A-4710-AB60-1BD7A9F582BC}"
EndProject
Global
	GlobalSection(SolutionConfigurationPlatforms) = preSolution
		Debug|Any CPU = Debug|Any CPU
		Release|Any CPU = Release|Any CPU
	EndGlobalSection
	GlobalSection(ProjectConfigurationPlatforms) = postSolution
		{FB35283A-2D6A-4710-AB60-1BD7A9F582BC}.Debug|Any CPU.ActiveCfg = Debug|Any CPU
		{FB35283A-2D6A-4710-AB60-1BD7A9F582BC}.Debug|Any CPU.Build.0 = Debug|Any CPU
		{FB35283A-2D6A-4710-AB60-1BD7A9F582BC}.Release|Any CPU.ActiveCfg = Release|Any CPU
		{FB35283A-2D6A-4710-AB60-1BD7A9F582BC}.Release|Any CPU.Build.0 = Release|Any CPU
	EndGlobalSection
	GlobalSection(SolutionProperties) = preSolution
		HideSolutionNode = FALSE
	EndGlobalSection
	GlobalSection(ExtensibilityGlobals) = postSolution
		SolutionGuid = {3E900166-2EC5-4CA2-A8C9-316247F2AEED}
	EndGlobalSection
EndGlobal
